
Microsoft Visual Studio Solution File, Format Version 12.00
# Visual Studio Version 17
VisualStudioVersion = 17.10.35122.118
MinimumVisualStudioVersion = 10.0.40219.1
Project("{FAE04EC0-301F-11D3-BF4B-00C04F79EFBC}") = "La Montaña", "La Montaña.csproj", "{7EC8B370-69FF-48E5-8EA5-0F838DC2E9B9}"
EndProject
Global
	GlobalSection(SolutionConfigurationPlatforms) = preSolution
		Debug|Any CPU = Debug|Any CPU
		Release|Any CPU = Release|Any CPU
	EndGlobalSection
	GlobalSection(ProjectConfigurationPlatforms) = postSolution
		{7EC8B370-69FF-48E5-8EA5-0F838DC2E9B9}.Debug|Any CPU.ActiveCfg = Debug|Any CPU
		{7EC8B370-69FF-48E5-8EA5-0F838DC2E9B9}.Debug|Any CPU.Build.0 = Debug|Any CPU
		{7EC8B370-69FF-48E5-8EA5-0F838DC2E9B9}.Release|Any CPU.ActiveCfg = Release|Any CPU
		{7EC8B370-69FF-48E5-8EA5-0F838DC2E9B9}.Release|Any CPU.Build.0 = Release|Any CPU
	EndGlobalSection
	GlobalSection(SolutionProperties) = preSolution
		HideSolutionNode = FALSE
	EndGlobalSection
	GlobalSection(ExtensibilityGlobals) = postSolution
		SolutionGuid = {72D37DE5-4581-4699-AA16-D022C1F677DC}
	EndGlobalSection
EndGlobal
